// !$*UTF8*$!
{
	archiveVersion = 1;
	classes = {
	};
	objectVersion = 48;
	objects = {

/* Begin PBXBuildFile section */
		0B4B48491FAFF2180020CDF4 /* AppDelegate.swift in Sources */ = {isa = PBXBuildFile; fileRef = 0B4B48481FAFF2180020CDF4 /* AppDelegate.swift */; };
		0B4B484E1FAFF2180020CDF4 /* Main.storyboard in Resources */ = {isa = PBXBuildFile; fileRef = 0B4B484C1FAFF2180020CDF4 /* Main.storyboard */; };
		0B4B48501FAFF2180020CDF4 /* Assets.xcassets in Resources */ = {isa = PBXBuildFile; fileRef = 0B4B484F1FAFF2180020CDF4 /* Assets.xcassets */; };
		0B4B48531FAFF2180020CDF4 /* LaunchScreen.storyboard in Resources */ = {isa = PBXBuildFile; fileRef = 0B4B48511FAFF2180020CDF4 /* LaunchScreen.storyboard */; };
		0B4B48631FAFF2DC0020CDF4 /* QiitaKit.h in Headers */ = {isa = PBXBuildFile; fileRef = 0B4B48611FAFF2DC0020CDF4 /* QiitaKit.h */; settings = {ATTRIBUTES = (Public, ); }; };
		0B4B48661FAFF2DC0020CDF4 /* QiitaKit.framework in Frameworks */ = {isa = PBXBuildFile; fileRef = 0B4B485F1FAFF2DC0020CDF4 /* QiitaKit.framework */; };
		0B4B48671FAFF2DC0020CDF4 /* QiitaKit.framework in Embed Frameworks */ = {isa = PBXBuildFile; fileRef = 0B4B485F1FAFF2DC0020CDF4 /* QiitaKit.framework */; settings = {ATTRIBUTES = (CodeSignOnCopy, RemoveHeadersOnCopy, ); }; };
		0B4B48711FAFF4CB0020CDF4 /* NSObjectProtocol+className.swift in Sources */ = {isa = PBXBuildFile; fileRef = 0B4B48701FAFF4CB0020CDF4 /* NSObjectProtocol+className.swift */; };
		0B4B48731FAFF6940020CDF4 /* DateFormatter+extension.swift in Sources */ = {isa = PBXBuildFile; fileRef = 0B4B48721FAFF6940020CDF4 /* DateFormatter+extension.swift */; };
		0B4B48751FB0B2AA0020CDF4 /* UITableView+preparation.swift in Sources */ = {isa = PBXBuildFile; fileRef = 0B4B48741FB0B2AA0020CDF4 /* UITableView+preparation.swift */; };
		0B4B48771FB0B4300020CDF4 /* NSObjectProtocol+nibable.swift in Sources */ = {isa = PBXBuildFile; fileRef = 0B4B48761FB0B4300020CDF4 /* NSObjectProtocol+nibable.swift */; };
		0B4B48791FB0B5D10020CDF4 /* UIColor+hex.swift in Sources */ = {isa = PBXBuildFile; fileRef = 0B4B48781FB0B5D10020CDF4 /* UIColor+hex.swift */; };
		0B4B487B1FB0B6A80020CDF4 /* ApiSession.swift in Sources */ = {isa = PBXBuildFile; fileRef = 0B4B487A1FB0B6A80020CDF4 /* ApiSession.swift */; };
		0B4B487F1FB0B8AC0020CDF4 /* Requestable.swift in Sources */ = {isa = PBXBuildFile; fileRef = 0B4B487E1FB0B8AC0020CDF4 /* Requestable.swift */; };
		0B4B48811FB0B8C10020CDF4 /* Response.swift in Sources */ = {isa = PBXBuildFile; fileRef = 0B4B48801FB0B8C10020CDF4 /* Response.swift */; };
		0B4B48851FB0C7620020CDF4 /* UsersViewController.swift in Sources */ = {isa = PBXBuildFile; fileRef = 0B4B48841FB0C7620020CDF4 /* UsersViewController.swift */; };
		0B4B48891FB0C9BB0020CDF4 /* UserCell.swift in Sources */ = {isa = PBXBuildFile; fileRef = 0B4B48871FB0C9BB0020CDF4 /* UserCell.swift */; };
		0B4B488A1FB0C9BB0020CDF4 /* UserCell.xib in Resources */ = {isa = PBXBuildFile; fileRef = 0B4B48881FB0C9BB0020CDF4 /* UserCell.xib */; };
		0B4B488E1FB0CB360020CDF4 /* Nuke.framework in Frameworks */ = {isa = PBXBuildFile; fileRef = 0B4B488D1FB0CB360020CDF4 /* Nuke.framework */; };
		0B4B48921FB0CCE00020CDF4 /* User.swift in Sources */ = {isa = PBXBuildFile; fileRef = 0B4B48911FB0CCE00020CDF4 /* User.swift */; };
		0B945B8F1FB378C70047F91E /* Int+truncateString.swift in Sources */ = {isa = PBXBuildFile; fileRef = 0B945B8E1FB378C70047F91E /* Int+truncateString.swift */; };
		0B945B911FB37DCB0047F91E /* SwiftIconFont.framework in Frameworks */ = {isa = PBXBuildFile; fileRef = 0B945B901FB37DCB0047F91E /* SwiftIconFont.framework */; };
		0B945B951FB380290047F91E /* UILabel+fontAwesome.swift in Sources */ = {isa = PBXBuildFile; fileRef = 0B945B941FB380290047F91E /* UILabel+fontAwesome.swift */; };
		0B945B971FB38C6B0047F91E /* UserFolloweeRequest.swift in Sources */ = {isa = PBXBuildFile; fileRef = 0B945B961FB38C6B0047F91E /* UserFolloweeRequest.swift */; };
		0B945B9D1FBA0A970047F91E /* UserItemRequest.swift in Sources */ = {isa = PBXBuildFile; fileRef = 0B945B9C1FBA0A970047F91E /* UserItemRequest.swift */; };
		0B945B9F1FBA0AF60047F91E /* Item.swift in Sources */ = {isa = PBXBuildFile; fileRef = 0B945B9E1FBA0AF60047F91E /* Item.swift */; };
		0B945BA11FBA0F000047F91E /* ItemTag.swift in Sources */ = {isa = PBXBuildFile; fileRef = 0B945BA01FBA0F000047F91E /* ItemTag.swift */; };
		0B945BA31FBA112C0047F91E /* UserItemsViewController.swift in Sources */ = {isa = PBXBuildFile; fileRef = 0B945BA21FBA112C0047F91E /* UserItemsViewController.swift */; };
		0B945BA81FBA1A210047F91E /* ItemCell.swift in Sources */ = {isa = PBXBuildFile; fileRef = 0B945BA61FBA1A210047F91E /* ItemCell.swift */; };
		0B945BA91FBA1A210047F91E /* ItemCell.xib in Resources */ = {isa = PBXBuildFile; fileRef = 0B945BA71FBA1A210047F91E /* ItemCell.xib */; };
		0BB3618E1FC7419500A79EEC /* UIView+autoLayout.swift in Sources */ = {isa = PBXBuildFile; fileRef = 0BB3618D1FC7419500A79EEC /* UIView+autoLayout.swift */; };
		0BB6B21A1FE032D000405388 /* FavoriteItemsViewController.swift in Sources */ = {isa = PBXBuildFile; fileRef = 0BB6B2191FE032D000405388 /* FavoriteItemsViewController.swift */; };
		0BB6B21C1FE0386900405388 /* ItemViewController.swift in Sources */ = {isa = PBXBuildFile; fileRef = 0BB6B21B1FE0386900405388 /* ItemViewController.swift */; };
		0BB6B2211FE2DC6100405388 /* FavoriteItemsViewPresenter.swift in Sources */ = {isa = PBXBuildFile; fileRef = 0BB6B2201FE2DC6100405388 /* FavoriteItemsViewPresenter.swift */; };
		0BB6B2261FE2EABF00405388 /* ItemViewPresenter.swift in Sources */ = {isa = PBXBuildFile; fileRef = 0BB6B2251FE2EABF00405388 /* ItemViewPresenter.swift */; };
		0BB6B22C1FE4CC8B00405388 /* UserItemsViewPresenter.swift in Sources */ = {isa = PBXBuildFile; fileRef = 0BB6B22B1FE4CC8B00405388 /* UserItemsViewPresenter.swift */; };
		0BB6B22E1FE6E86E00405388 /* UsersViewPresenter.swift in Sources */ = {isa = PBXBuildFile; fileRef = 0BB6B22D1FE6E86E00405388 /* UsersViewPresenter.swift */; };
		0BB6B2501FE82E8C00405388 /* FavoriteItemsViewPresenterTests.swift in Sources */ = {isa = PBXBuildFile; fileRef = 0BB6B24F1FE82E8C00405388 /* FavoriteItemsViewPresenterTests.swift */; };
		0BD530E51FC6F77D00D00200 /* LoadingFooterView.swift in Sources */ = {isa = PBXBuildFile; fileRef = 0BD530E41FC6F77D00D00200 /* LoadingFooterView.swift */; };
		0BD530E71FC6F78C00D00200 /* LoadingFooterView.xib in Resources */ = {isa = PBXBuildFile; fileRef = 0BD530E61FC6F78C00D00200 /* LoadingFooterView.xib */; };
/* End PBXBuildFile section */

/* Begin PBXContainerItemProxy section */
		0B4B48641FAFF2DC0020CDF4 /* PBXContainerItemProxy */ = {
			isa = PBXContainerItemProxy;
			containerPortal = 0B4B483D1FAFF2180020CDF4 /* Project object */;
			proxyType = 1;
			remoteGlobalIDString = 0B4B485E1FAFF2DC0020CDF4;
			remoteInfo = QiitaKit;
		};
		0BB6B24A1FE82DE000405388 /* PBXContainerItemProxy */ = {
			isa = PBXContainerItemProxy;
			containerPortal = 0B4B483D1FAFF2180020CDF4 /* Project object */;
			proxyType = 1;
			remoteGlobalIDString = 0B4B48441FAFF2180020CDF4;
			remoteInfo = QiitaKitForSample;
		};
/* End PBXContainerItemProxy section */

/* Begin PBXCopyFilesBuildPhase section */
		0B4B486B1FAFF2DC0020CDF4 /* Embed Frameworks */ = {
			isa = PBXCopyFilesBuildPhase;
			buildActionMask = 2147483647;
			dstPath = "";
			dstSubfolderSpec = 10;
			files = (
				0B4B48671FAFF2DC0020CDF4 /* QiitaKit.framework in Embed Frameworks */,
			);
			name = "Embed Frameworks";
			runOnlyForDeploymentPostprocessing = 0;
		};
/* End PBXCopyFilesBuildPhase section */

/* Begin PBXFileReference section */
		0B4B48451FAFF2180020CDF4 /* QiitaKitForSample.app */ = {isa = PBXFileReference; explicitFileType = wrapper.application; includeInIndex = 0; path = QiitaKitForSample.app; sourceTree = BUILT_PRODUCTS_DIR; };
		0B4B48481FAFF2180020CDF4 /* AppDelegate.swift */ = {isa = PBXFileReference; lastKnownFileType = sourcecode.swift; path = AppDelegate.swift; sourceTree = "<group>"; };
		0B4B484D1FAFF2180020CDF4 /* Base */ = {isa = PBXFileReference; lastKnownFileType = file.storyboard; name = Base; path = Base.lproj/Main.storyboard; sourceTree = "<group>"; };
		0B4B484F1FAFF2180020CDF4 /* Assets.xcassets */ = {isa = PBXFileReference; lastKnownFileType = folder.assetcatalog; path = Assets.xcassets; sourceTree = "<group>"; };
		0B4B48521FAFF2180020CDF4 /* Base */ = {isa = PBXFileReference; lastKnownFileType = file.storyboard; name = Base; path = Base.lproj/LaunchScreen.storyboard; sourceTree = "<group>"; };
		0B4B48541FAFF2180020CDF4 /* Info.plist */ = {isa = PBXFileReference; lastKnownFileType = text.plist.xml; path = Info.plist; sourceTree = "<group>"; };
		0B4B485F1FAFF2DC0020CDF4 /* QiitaKit.framework */ = {isa = PBXFileReference; explicitFileType = wrapper.framework; includeInIndex = 0; path = QiitaKit.framework; sourceTree = BUILT_PRODUCTS_DIR; };
		0B4B48611FAFF2DC0020CDF4 /* QiitaKit.h */ = {isa = PBXFileReference; lastKnownFileType = sourcecode.c.h; path = QiitaKit.h; sourceTree = "<group>"; };
		0B4B48621FAFF2DC0020CDF4 /* Info.plist */ = {isa = PBXFileReference; lastKnownFileType = text.plist.xml; path = Info.plist; sourceTree = "<group>"; };
		0B4B48701FAFF4CB0020CDF4 /* NSObjectProtocol+className.swift */ = {isa = PBXFileReference; lastKnownFileType = sourcecode.swift; path = "NSObjectProtocol+className.swift"; sourceTree = "<group>"; };
		0B4B48721FAFF6940020CDF4 /* DateFormatter+extension.swift */ = {isa = PBXFileReference; lastKnownFileType = sourcecode.swift; path = "DateFormatter+extension.swift"; sourceTree = "<group>"; };
		0B4B48741FB0B2AA0020CDF4 /* UITableView+preparation.swift */ = {isa = PBXFileReference; lastKnownFileType = sourcecode.swift; path = "UITableView+preparation.swift"; sourceTree = "<group>"; };
		0B4B48761FB0B4300020CDF4 /* NSObjectProtocol+nibable.swift */ = {isa = PBXFileReference; lastKnownFileType = sourcecode.swift; path = "NSObjectProtocol+nibable.swift"; sourceTree = "<group>"; };
		0B4B48781FB0B5D10020CDF4 /* UIColor+hex.swift */ = {isa = PBXFileReference; lastKnownFileType = sourcecode.swift; path = "UIColor+hex.swift"; sourceTree = "<group>"; };
		0B4B487A1FB0B6A80020CDF4 /* ApiSession.swift */ = {isa = PBXFileReference; lastKnownFileType = sourcecode.swift; path = ApiSession.swift; sourceTree = "<group>"; };
		0B4B487E1FB0B8AC0020CDF4 /* Requestable.swift */ = {isa = PBXFileReference; lastKnownFileType = sourcecode.swift; path = Requestable.swift; sourceTree = "<group>"; };
		0B4B48801FB0B8C10020CDF4 /* Response.swift */ = {isa = PBXFileReference; lastKnownFileType = sourcecode.swift; path = Response.swift; sourceTree = "<group>"; };
		0B4B48841FB0C7620020CDF4 /* UsersViewController.swift */ = {isa = PBXFileReference; lastKnownFileType = sourcecode.swift; path = UsersViewController.swift; sourceTree = "<group>"; };
		0B4B48871FB0C9BB0020CDF4 /* UserCell.swift */ = {isa = PBXFileReference; lastKnownFileType = sourcecode.swift; path = UserCell.swift; sourceTree = "<group>"; };
		0B4B48881FB0C9BB0020CDF4 /* UserCell.xib */ = {isa = PBXFileReference; lastKnownFileType = file.xib; path = UserCell.xib; sourceTree = "<group>"; };
		0B4B488D1FB0CB360020CDF4 /* Nuke.framework */ = {isa = PBXFileReference; lastKnownFileType = wrapper.framework; name = Nuke.framework; path = Carthage/Build/iOS/Nuke.framework; sourceTree = "<group>"; };
		0B4B48911FB0CCE00020CDF4 /* User.swift */ = {isa = PBXFileReference; lastKnownFileType = sourcecode.swift; path = User.swift; sourceTree = "<group>"; };
		0B945B8E1FB378C70047F91E /* Int+truncateString.swift */ = {isa = PBXFileReference; lastKnownFileType = sourcecode.swift; path = "Int+truncateString.swift"; sourceTree = "<group>"; };
		0B945B901FB37DCB0047F91E /* SwiftIconFont.framework */ = {isa = PBXFileReference; lastKnownFileType = wrapper.framework; name = SwiftIconFont.framework; path = Carthage/Build/iOS/SwiftIconFont.framework; sourceTree = "<group>"; };
		0B945B941FB380290047F91E /* UILabel+fontAwesome.swift */ = {isa = PBXFileReference; lastKnownFileType = sourcecode.swift; path = "UILabel+fontAwesome.swift"; sourceTree = "<group>"; };
		0B945B961FB38C6B0047F91E /* UserFolloweeRequest.swift */ = {isa = PBXFileReference; lastKnownFileType = sourcecode.swift; path = UserFolloweeRequest.swift; sourceTree = "<group>"; };
		0B945B9C1FBA0A970047F91E /* UserItemRequest.swift */ = {isa = PBXFileReference; lastKnownFileType = sourcecode.swift; path = UserItemRequest.swift; sourceTree = "<group>"; };
		0B945B9E1FBA0AF60047F91E /* Item.swift */ = {isa = PBXFileReference; lastKnownFileType = sourcecode.swift; path = Item.swift; sourceTree = "<group>"; };
		0B945BA01FBA0F000047F91E /* ItemTag.swift */ = {isa = PBXFileReference; lastKnownFileType = sourcecode.swift; path = ItemTag.swift; sourceTree = "<group>"; };
		0B945BA21FBA112C0047F91E /* UserItemsViewController.swift */ = {isa = PBXFileReference; lastKnownFileType = sourcecode.swift; path = UserItemsViewController.swift; sourceTree = "<group>"; };
		0B945BA61FBA1A210047F91E /* ItemCell.swift */ = {isa = PBXFileReference; lastKnownFileType = sourcecode.swift; path = ItemCell.swift; sourceTree = "<group>"; };
		0B945BA71FBA1A210047F91E /* ItemCell.xib */ = {isa = PBXFileReference; lastKnownFileType = file.xib; path = ItemCell.xib; sourceTree = "<group>"; };
		0BB3618D1FC7419500A79EEC /* UIView+autoLayout.swift */ = {isa = PBXFileReference; lastKnownFileType = sourcecode.swift; path = "UIView+autoLayout.swift"; sourceTree = "<group>"; };
		0BB6B2191FE032D000405388 /* FavoriteItemsViewController.swift */ = {isa = PBXFileReference; lastKnownFileType = sourcecode.swift; path = FavoriteItemsViewController.swift; sourceTree = "<group>"; };
		0BB6B21B1FE0386900405388 /* ItemViewController.swift */ = {isa = PBXFileReference; lastKnownFileType = sourcecode.swift; path = ItemViewController.swift; sourceTree = "<group>"; };
		0BB6B2201FE2DC6100405388 /* FavoriteItemsViewPresenter.swift */ = {isa = PBXFileReference; lastKnownFileType = sourcecode.swift; path = FavoriteItemsViewPresenter.swift; sourceTree = "<group>"; };
		0BB6B2251FE2EABF00405388 /* ItemViewPresenter.swift */ = {isa = PBXFileReference; lastKnownFileType = sourcecode.swift; path = ItemViewPresenter.swift; sourceTree = "<group>"; };
		0BB6B22B1FE4CC8B00405388 /* UserItemsViewPresenter.swift */ = {isa = PBXFileReference; lastKnownFileType = sourcecode.swift; path = UserItemsViewPresenter.swift; sourceTree = "<group>"; };
		0BB6B22D1FE6E86E00405388 /* UsersViewPresenter.swift */ = {isa = PBXFileReference; lastKnownFileType = sourcecode.swift; path = UsersViewPresenter.swift; sourceTree = "<group>"; };
		0BB6B2451FE82DE000405388 /* QiitaKitForSampleTests.xctest */ = {isa = PBXFileReference; explicitFileType = wrapper.cfbundle; includeInIndex = 0; path = QiitaKitForSampleTests.xctest; sourceTree = BUILT_PRODUCTS_DIR; };
		0BB6B2491FE82DE000405388 /* Info.plist */ = {isa = PBXFileReference; lastKnownFileType = text.plist.xml; path = Info.plist; sourceTree = "<group>"; };
		0BB6B24F1FE82E8C00405388 /* FavoriteItemsViewPresenterTests.swift */ = {isa = PBXFileReference; lastKnownFileType = sourcecode.swift; path = FavoriteItemsViewPresenterTests.swift; sourceTree = "<group>"; };
		0BD530E41FC6F77D00D00200 /* LoadingFooterView.swift */ = {isa = PBXFileReference; lastKnownFileType = sourcecode.swift; path = LoadingFooterView.swift; sourceTree = "<group>"; };
		0BD530E61FC6F78C00D00200 /* LoadingFooterView.xib */ = {isa = PBXFileReference; lastKnownFileType = file.xib; path = LoadingFooterView.xib; sourceTree = "<group>"; };
/* End PBXFileReference section */

/* Begin PBXFrameworksBuildPhase section */
		0B4B48421FAFF2180020CDF4 /* Frameworks */ = {
			isa = PBXFrameworksBuildPhase;
			buildActionMask = 2147483647;
			files = (
				0B4B48661FAFF2DC0020CDF4 /* QiitaKit.framework in Frameworks */,
			);
			runOnlyForDeploymentPostprocessing = 0;
		};
		0B4B485B1FAFF2DC0020CDF4 /* Frameworks */ = {
			isa = PBXFrameworksBuildPhase;
			buildActionMask = 2147483647;
			files = (
				0B945B911FB37DCB0047F91E /* SwiftIconFont.framework in Frameworks */,
				0B4B488E1FB0CB360020CDF4 /* Nuke.framework in Frameworks */,
			);
			runOnlyForDeploymentPostprocessing = 0;
		};
		0BB6B2421FE82DE000405388 /* Frameworks */ = {
			isa = PBXFrameworksBuildPhase;
			buildActionMask = 2147483647;
			files = (
			);
			runOnlyForDeploymentPostprocessing = 0;
		};
/* End PBXFrameworksBuildPhase section */

/* Begin PBXGroup section */
		0B4B483C1FAFF2180020CDF4 = {
			isa = PBXGroup;
			children = (
				0B4B48471FAFF2180020CDF4 /* QiitaKitForSample */,
				0B4B48601FAFF2DC0020CDF4 /* QiitaKit */,
				0BB6B2461FE82DE000405388 /* QiitaKitForSampleTests */,
				0B4B48461FAFF2180020CDF4 /* Products */,
				0B4B488C1FB0CB360020CDF4 /* Frameworks */,
			);
			sourceTree = "<group>";
		};
		0B4B48461FAFF2180020CDF4 /* Products */ = {
			isa = PBXGroup;
			children = (
				0B4B48451FAFF2180020CDF4 /* QiitaKitForSample.app */,
				0B4B485F1FAFF2DC0020CDF4 /* QiitaKit.framework */,
				0BB6B2451FE82DE000405388 /* QiitaKitForSampleTests.xctest */,
			);
			name = Products;
			sourceTree = "<group>";
		};
		0B4B48471FAFF2180020CDF4 /* QiitaKitForSample */ = {
			isa = PBXGroup;
			children = (
				0B4B48481FAFF2180020CDF4 /* AppDelegate.swift */,
				0BB6B2281FE4CAAC00405388 /* User */,
				0BB6B2271FE4CA9800405388 /* UserItem */,
				0BB6B2241FE2EAB100405388 /* Item */,
				0BB6B21F1FE2DB3200405388 /* FavoriteItem */,
				0B4B484C1FAFF2180020CDF4 /* Main.storyboard */,
				0B4B484F1FAFF2180020CDF4 /* Assets.xcassets */,
				0B4B48511FAFF2180020CDF4 /* LaunchScreen.storyboard */,
				0B4B48541FAFF2180020CDF4 /* Info.plist */,
			);
			path = QiitaKitForSample;
			sourceTree = "<group>";
		};
		0B4B48601FAFF2DC0020CDF4 /* QiitaKit */ = {
			isa = PBXGroup;
			children = (
				0B4B486C1FAFF40E0020CDF4 /* Sources */,
				0B4B48611FAFF2DC0020CDF4 /* QiitaKit.h */,
				0B4B48621FAFF2DC0020CDF4 /* Info.plist */,
			);
			path = QiitaKit;
			sourceTree = "<group>";
		};
		0B4B486C1FAFF40E0020CDF4 /* Sources */ = {
			isa = PBXGroup;
			children = (
				0B4B486D1FAFF4190020CDF4 /* Common */,
				0B4B486E1FAFF4210020CDF4 /* UI */,
				0B4B486F1FAFF4350020CDF4 /* Session */,
			);
			path = Sources;
			sourceTree = "<group>";
		};
		0B4B486D1FAFF4190020CDF4 /* Common */ = {
			isa = PBXGroup;
			children = (
				0B4B48701FAFF4CB0020CDF4 /* NSObjectProtocol+className.swift */,
				0B4B48721FAFF6940020CDF4 /* DateFormatter+extension.swift */,
			);
			path = Common;
			sourceTree = "<group>";
		};
		0B4B486E1FAFF4210020CDF4 /* UI */ = {
			isa = PBXGroup;
			children = (
				0B4B48861FB0C9800020CDF4 /* Extension */,
				0B4B48871FB0C9BB0020CDF4 /* UserCell.swift */,
				0B4B48881FB0C9BB0020CDF4 /* UserCell.xib */,
				0B945BA61FBA1A210047F91E /* ItemCell.swift */,
				0B945BA71FBA1A210047F91E /* ItemCell.xib */,
				0BD530E41FC6F77D00D00200 /* LoadingFooterView.swift */,
				0BD530E61FC6F78C00D00200 /* LoadingFooterView.xib */,
			);
			path = UI;
			sourceTree = "<group>";
		};
		0B4B486F1FAFF4350020CDF4 /* Session */ = {
			isa = PBXGroup;
			children = (
				0B4B487A1FB0B6A80020CDF4 /* ApiSession.swift */,
				0B4B487C1FB0B8770020CDF4 /* Request */,
				0B4B487D1FB0B8880020CDF4 /* Response */,
			);
			path = Session;
			sourceTree = "<group>";
		};
		0B4B487C1FB0B8770020CDF4 /* Request */ = {
			isa = PBXGroup;
			children = (
				0B4B487E1FB0B8AC0020CDF4 /* Requestable.swift */,
				0B945B961FB38C6B0047F91E /* UserFolloweeRequest.swift */,
				0B945B9C1FBA0A970047F91E /* UserItemRequest.swift */,
			);
			path = Request;
			sourceTree = "<group>";
		};
		0B4B487D1FB0B8880020CDF4 /* Response */ = {
			isa = PBXGroup;
			children = (
				0B4B48801FB0B8C10020CDF4 /* Response.swift */,
				0B4B48911FB0CCE00020CDF4 /* User.swift */,
				0B945B9E1FBA0AF60047F91E /* Item.swift */,
				0B945BA01FBA0F000047F91E /* ItemTag.swift */,
			);
			path = Response;
			sourceTree = "<group>";
		};
		0B4B48861FB0C9800020CDF4 /* Extension */ = {
			isa = PBXGroup;
			children = (
				0B4B48761FB0B4300020CDF4 /* NSObjectProtocol+nibable.swift */,
				0B4B48741FB0B2AA0020CDF4 /* UITableView+preparation.swift */,
				0B4B48781FB0B5D10020CDF4 /* UIColor+hex.swift */,
				0B945B8E1FB378C70047F91E /* Int+truncateString.swift */,
				0B945B941FB380290047F91E /* UILabel+fontAwesome.swift */,
				0BB3618D1FC7419500A79EEC /* UIView+autoLayout.swift */,
			);
			path = Extension;
			sourceTree = "<group>";
		};
		0B4B488C1FB0CB360020CDF4 /* Frameworks */ = {
			isa = PBXGroup;
			children = (
				0B945B901FB37DCB0047F91E /* SwiftIconFont.framework */,
				0B4B488D1FB0CB360020CDF4 /* Nuke.framework */,
			);
			name = Frameworks;
			sourceTree = "<group>";
		};
		0BB6B21F1FE2DB3200405388 /* FavoriteItem */ = {
			isa = PBXGroup;
			children = (
				0BB6B2191FE032D000405388 /* FavoriteItemsViewController.swift */,
				0BB6B2201FE2DC6100405388 /* FavoriteItemsViewPresenter.swift */,
			);
			path = FavoriteItem;
			sourceTree = "<group>";
		};
		0BB6B2241FE2EAB100405388 /* Item */ = {
			isa = PBXGroup;
			children = (
				0BB6B21B1FE0386900405388 /* ItemViewController.swift */,
				0BB6B2251FE2EABF00405388 /* ItemViewPresenter.swift */,
			);
			path = Item;
			sourceTree = "<group>";
		};
		0BB6B2271FE4CA9800405388 /* UserItem */ = {
			isa = PBXGroup;
			children = (
				0B945BA21FBA112C0047F91E /* UserItemsViewController.swift */,
				0BB6B22B1FE4CC8B00405388 /* UserItemsViewPresenter.swift */,
			);
			path = UserItem;
			sourceTree = "<group>";
		};
		0BB6B2281FE4CAAC00405388 /* User */ = {
			isa = PBXGroup;
			children = (
				0B4B48841FB0C7620020CDF4 /* UsersViewController.swift */,
				0BB6B22D1FE6E86E00405388 /* UsersViewPresenter.swift */,
			);
			path = User;
			sourceTree = "<group>";
		};
		0BB6B2461FE82DE000405388 /* QiitaKitForSampleTests */ = {
			isa = PBXGroup;
			children = (
				0BB6B24F1FE82E8C00405388 /* FavoriteItemsViewPresenterTests.swift */,
				0BB6B2491FE82DE000405388 /* Info.plist */,
			);
			path = QiitaKitForSampleTests;
			sourceTree = "<group>";
		};
/* End PBXGroup section */

/* Begin PBXHeadersBuildPhase section */
		0B4B485C1FAFF2DC0020CDF4 /* Headers */ = {
			isa = PBXHeadersBuildPhase;
			buildActionMask = 2147483647;
			files = (
				0B4B48631FAFF2DC0020CDF4 /* QiitaKit.h in Headers */,
			);
			runOnlyForDeploymentPostprocessing = 0;
		};
/* End PBXHeadersBuildPhase section */

/* Begin PBXNativeTarget section */
		0B4B48441FAFF2180020CDF4 /* QiitaKitForSample */ = {
			isa = PBXNativeTarget;
			buildConfigurationList = 0B4B48571FAFF2180020CDF4 /* Build configuration list for PBXNativeTarget "QiitaKitForSample" */;
			buildPhases = (
				0B4B48411FAFF2180020CDF4 /* Sources */,
				0B4B48421FAFF2180020CDF4 /* Frameworks */,
				0B4B48431FAFF2180020CDF4 /* Resources */,
				0B4B486B1FAFF2DC0020CDF4 /* Embed Frameworks */,
				0B7ABBB61FC5D89C0055A2F7 /* Carthage */,
			);
			buildRules = (
			);
			dependencies = (
				0B4B48651FAFF2DC0020CDF4 /* PBXTargetDependency */,
			);
			name = QiitaKitForSample;
			productName = QiitaKitForSample;
			productReference = 0B4B48451FAFF2180020CDF4 /* QiitaKitForSample.app */;
			productType = "com.apple.product-type.application";
		};
		0B4B485E1FAFF2DC0020CDF4 /* QiitaKit */ = {
			isa = PBXNativeTarget;
			buildConfigurationList = 0B4B486A1FAFF2DC0020CDF4 /* Build configuration list for PBXNativeTarget "QiitaKit" */;
			buildPhases = (
				0B4B485A1FAFF2DC0020CDF4 /* Sources */,
				0B4B485B1FAFF2DC0020CDF4 /* Frameworks */,
				0B4B485C1FAFF2DC0020CDF4 /* Headers */,
				0B4B485D1FAFF2DC0020CDF4 /* Resources */,
			);
			buildRules = (
			);
			dependencies = (
			);
			name = QiitaKit;
			productName = QiitaKit;
			productReference = 0B4B485F1FAFF2DC0020CDF4 /* QiitaKit.framework */;
			productType = "com.apple.product-type.framework";
		};
		0BB6B2441FE82DE000405388 /* QiitaKitForSampleTests */ = {
			isa = PBXNativeTarget;
			buildConfigurationList = 0BB6B24C1FE82DE000405388 /* Build configuration list for PBXNativeTarget "QiitaKitForSampleTests" */;
			buildPhases = (
				0BB6B2411FE82DE000405388 /* Sources */,
				0BB6B2421FE82DE000405388 /* Frameworks */,
				0BB6B2431FE82DE000405388 /* Resources */,
			);
			buildRules = (
			);
			dependencies = (
				0BB6B24B1FE82DE000405388 /* PBXTargetDependency */,
			);
			name = QiitaKitForSampleTests;
			productName = QiitaKitForSampleTests;
			productReference = 0BB6B2451FE82DE000405388 /* QiitaKitForSampleTests.xctest */;
			productType = "com.apple.product-type.bundle.unit-test";
		};
/* End PBXNativeTarget section */

/* Begin PBXProject section */
		0B4B483D1FAFF2180020CDF4 /* Project object */ = {
			isa = PBXProject;
			attributes = {
				LastSwiftUpdateCheck = 0920;
				LastUpgradeCheck = 0910;
				ORGANIZATIONNAME = "須藤将史";
				TargetAttributes = {
					0B4B48441FAFF2180020CDF4 = {
						CreatedOnToolsVersion = 9.1;
						ProvisioningStyle = Automatic;
					};
					0B4B485E1FAFF2DC0020CDF4 = {
						CreatedOnToolsVersion = 9.1;
						LastSwiftMigration = 0910;
						ProvisioningStyle = Manual;
					};
					0BB6B2441FE82DE000405388 = {
						CreatedOnToolsVersion = 9.2;
						ProvisioningStyle = Automatic;
						TestTargetID = 0B4B48441FAFF2180020CDF4;
					};
				};
			};
			buildConfigurationList = 0B4B48401FAFF2180020CDF4 /* Build configuration list for PBXProject "QiitaKitForSample" */;
			compatibilityVersion = "Xcode 8.0";
			developmentRegion = en;
			hasScannedForEncodings = 0;
			knownRegions = (
				en,
				Base,
			);
			mainGroup = 0B4B483C1FAFF2180020CDF4;
			productRefGroup = 0B4B48461FAFF2180020CDF4 /* Products */;
			projectDirPath = "";
			projectRoot = "";
			targets = (
				0B4B48441FAFF2180020CDF4 /* QiitaKitForSample */,
				0B4B485E1FAFF2DC0020CDF4 /* QiitaKit */,
				0BB6B2441FE82DE000405388 /* QiitaKitForSampleTests */,
			);
		};
/* End PBXProject section */

/* Begin PBXResourcesBuildPhase section */
		0B4B48431FAFF2180020CDF4 /* Resources */ = {
			isa = PBXResourcesBuildPhase;
			buildActionMask = 2147483647;
			files = (
				0B4B48531FAFF2180020CDF4 /* LaunchScreen.storyboard in Resources */,
				0B4B48501FAFF2180020CDF4 /* Assets.xcassets in Resources */,
				0B4B484E1FAFF2180020CDF4 /* Main.storyboard in Resources */,
			);
			runOnlyForDeploymentPostprocessing = 0;
		};
		0B4B485D1FAFF2DC0020CDF4 /* Resources */ = {
			isa = PBXResourcesBuildPhase;
			buildActionMask = 2147483647;
			files = (
				0B945BA91FBA1A210047F91E /* ItemCell.xib in Resources */,
				0B4B488A1FB0C9BB0020CDF4 /* UserCell.xib in Resources */,
				0BD530E71FC6F78C00D00200 /* LoadingFooterView.xib in Resources */,
			);
			runOnlyForDeploymentPostprocessing = 0;
		};
		0BB6B2431FE82DE000405388 /* Resources */ = {
			isa = PBXResourcesBuildPhase;
			buildActionMask = 2147483647;
			files = (
			);
			runOnlyForDeploymentPostprocessing = 0;
		};
/* End PBXResourcesBuildPhase section */

/* Begin PBXShellScriptBuildPhase section */
		0B7ABBB61FC5D89C0055A2F7 /* Carthage */ = {
			isa = PBXShellScriptBuildPhase;
			buildActionMask = 2147483647;
			files = (
			);
			inputPaths = (
				"$(SRCROOT)/Carthage/Build/iOS/Nuke.framework",
				"$(SRCROOT)/Carthage/Build/iOS/SwiftIconFont.framework",
			);
			name = Carthage;
			outputPaths = (
			);
			runOnlyForDeploymentPostprocessing = 0;
			shellPath = /bin/sh;
			shellScript = "/usr/local/bin/carthage copy-frameworks";
		};
/* End PBXShellScriptBuildPhase section */

/* Begin PBXSourcesBuildPhase section */
		0B4B48411FAFF2180020CDF4 /* Sources */ = {
			isa = PBXSourcesBuildPhase;
			buildActionMask = 2147483647;
			files = (
				0BB6B22C1FE4CC8B00405388 /* UserItemsViewPresenter.swift in Sources */,
				0B4B48851FB0C7620020CDF4 /* UsersViewController.swift in Sources */,
				0B4B48491FAFF2180020CDF4 /* AppDelegate.swift in Sources */,
				0BB6B2211FE2DC6100405388 /* FavoriteItemsViewPresenter.swift in Sources */,
				0BB6B22E1FE6E86E00405388 /* UsersViewPresenter.swift in Sources */,
				0BB6B21C1FE0386900405388 /* ItemViewController.swift in Sources */,
				0BB6B2261FE2EABF00405388 /* ItemViewPresenter.swift in Sources */,
				0B945BA31FBA112C0047F91E /* UserItemsViewController.swift in Sources */,
				0BB6B21A1FE032D000405388 /* FavoriteItemsViewController.swift in Sources */,
			);
			runOnlyForDeploymentPostprocessing = 0;
		};
		0B4B485A1FAFF2DC0020CDF4 /* Sources */ = {
			isa = PBXSourcesBuildPhase;
			buildActionMask = 2147483647;
			files = (
				0B4B48811FB0B8C10020CDF4 /* Response.swift in Sources */,
				0B4B48731FAFF6940020CDF4 /* DateFormatter+extension.swift in Sources */,
				0B4B48711FAFF4CB0020CDF4 /* NSObjectProtocol+className.swift in Sources */,
				0B945BA81FBA1A210047F91E /* ItemCell.swift in Sources */,
				0B4B48791FB0B5D10020CDF4 /* UIColor+hex.swift in Sources */,
				0B945BA11FBA0F000047F91E /* ItemTag.swift in Sources */,
				0B945B951FB380290047F91E /* UILabel+fontAwesome.swift in Sources */,
				0B945B8F1FB378C70047F91E /* Int+truncateString.swift in Sources */,
				0B4B487B1FB0B6A80020CDF4 /* ApiSession.swift in Sources */,
				0B945B971FB38C6B0047F91E /* UserFolloweeRequest.swift in Sources */,
				0B945B9F1FBA0AF60047F91E /* Item.swift in Sources */,
				0B4B487F1FB0B8AC0020CDF4 /* Requestable.swift in Sources */,
				0B4B48921FB0CCE00020CDF4 /* User.swift in Sources */,
				0BB3618E1FC7419500A79EEC /* UIView+autoLayout.swift in Sources */,
				0BD530E51FC6F77D00D00200 /* LoadingFooterView.swift in Sources */,
				0B945B9D1FBA0A970047F91E /* UserItemRequest.swift in Sources */,
				0B4B48751FB0B2AA0020CDF4 /* UITableView+preparation.swift in Sources */,
				0B4B48891FB0C9BB0020CDF4 /* UserCell.swift in Sources */,
				0B4B48771FB0B4300020CDF4 /* NSObjectProtocol+nibable.swift in Sources */,
			);
			runOnlyForDeploymentPostprocessing = 0;
		};
		0BB6B2411FE82DE000405388 /* Sources */ = {
			isa = PBXSourcesBuildPhase;
			buildActionMask = 2147483647;
			files = (
				0BB6B2501FE82E8C00405388 /* FavoriteItemsViewPresenterTests.swift in Sources */,
			);
			runOnlyForDeploymentPostprocessing = 0;
		};
/* End PBXSourcesBuildPhase section */

/* Begin PBXTargetDependency section */
		0B4B48651FAFF2DC0020CDF4 /* PBXTargetDependency */ = {
			isa = PBXTargetDependency;
			target = 0B4B485E1FAFF2DC0020CDF4 /* QiitaKit */;
			targetProxy = 0B4B48641FAFF2DC0020CDF4 /* PBXContainerItemProxy */;
		};
		0BB6B24B1FE82DE000405388 /* PBXTargetDependency */ = {
			isa = PBXTargetDependency;
			target = 0B4B48441FAFF2180020CDF4 /* QiitaKitForSample */;
			targetProxy = 0BB6B24A1FE82DE000405388 /* PBXContainerItemProxy */;
		};
/* End PBXTargetDependency section */

/* Begin PBXVariantGroup section */
		0B4B484C1FAFF2180020CDF4 /* Main.storyboard */ = {
			isa = PBXVariantGroup;
			children = (
				0B4B484D1FAFF2180020CDF4 /* Base */,
			);
			name = Main.storyboard;
			sourceTree = "<group>";
		};
		0B4B48511FAFF2180020CDF4 /* LaunchScreen.storyboard */ = {
			isa = PBXVariantGroup;
			children = (
				0B4B48521FAFF2180020CDF4 /* Base */,
			);
			name = LaunchScreen.storyboard;
			sourceTree = "<group>";
		};
/* End PBXVariantGroup section */

/* Begin XCBuildConfiguration section */
		0B4B48551FAFF2180020CDF4 /* Debug */ = {
			isa = XCBuildConfiguration;
			buildSettings = {
				ALWAYS_SEARCH_USER_PATHS = NO;
				CLANG_ANALYZER_NONNULL = YES;
				CLANG_ANALYZER_NUMBER_OBJECT_CONVERSION = YES_AGGRESSIVE;
				CLANG_CXX_LANGUAGE_STANDARD = "gnu++14";
				CLANG_CXX_LIBRARY = "libc++";
				CLANG_ENABLE_MODULES = YES;
				CLANG_ENABLE_OBJC_ARC = YES;
				CLANG_WARN_BLOCK_CAPTURE_AUTORELEASING = YES;
				CLANG_WARN_BOOL_CONVERSION = YES;
				CLANG_WARN_COMMA = YES;
				CLANG_WARN_CONSTANT_CONVERSION = YES;
				CLANG_WARN_DIRECT_OBJC_ISA_USAGE = YES_ERROR;
				CLANG_WARN_DOCUMENTATION_COMMENTS = YES;
				CLANG_WARN_EMPTY_BODY = YES;
				CLANG_WARN_ENUM_CONVERSION = YES;
				CLANG_WARN_INFINITE_RECURSION = YES;
				CLANG_WARN_INT_CONVERSION = YES;
				CLANG_WARN_NON_LITERAL_NULL_CONVERSION = YES;
				CLANG_WARN_OBJC_LITERAL_CONVERSION = YES;
				CLANG_WARN_OBJC_ROOT_CLASS = YES_ERROR;
				CLANG_WARN_RANGE_LOOP_ANALYSIS = YES;
				CLANG_WARN_STRICT_PROTOTYPES = YES;
				CLANG_WARN_SUSPICIOUS_MOVE = YES;
				CLANG_WARN_UNGUARDED_AVAILABILITY = YES_AGGRESSIVE;
				CLANG_WARN_UNREACHABLE_CODE = YES;
				CLANG_WARN__DUPLICATE_METHOD_MATCH = YES;
				CODE_SIGN_IDENTITY = "iPhone Developer";
				COPY_PHASE_STRIP = NO;
				DEBUG_INFORMATION_FORMAT = dwarf;
				DEFINES_MODULE = YES;
				ENABLE_STRICT_OBJC_MSGSEND = YES;
				ENABLE_TESTABILITY = YES;
				GCC_C_LANGUAGE_STANDARD = gnu11;
				GCC_DYNAMIC_NO_PIC = NO;
				GCC_NO_COMMON_BLOCKS = YES;
				GCC_OPTIMIZATION_LEVEL = 0;
				GCC_PREPROCESSOR_DEFINITIONS = (
					"DEBUG=1",
					"$(inherited)",
				);
				GCC_WARN_64_TO_32_BIT_CONVERSION = YES;
				GCC_WARN_ABOUT_RETURN_TYPE = YES_ERROR;
				GCC_WARN_UNDECLARED_SELECTOR = YES;
				GCC_WARN_UNINITIALIZED_AUTOS = YES_AGGRESSIVE;
				GCC_WARN_UNUSED_FUNCTION = YES;
				GCC_WARN_UNUSED_VARIABLE = YES;
				IPHONEOS_DEPLOYMENT_TARGET = 9.0;
				MTL_ENABLE_DEBUG_INFO = YES;
				ONLY_ACTIVE_ARCH = YES;
				SDKROOT = iphoneos;
				SWIFT_ACTIVE_COMPILATION_CONDITIONS = DEBUG;
				SWIFT_OPTIMIZATION_LEVEL = "-Onone";
			};
			name = Debug;
		};
		0B4B48561FAFF2180020CDF4 /* Release */ = {
			isa = XCBuildConfiguration;
			buildSettings = {
				ALWAYS_SEARCH_USER_PATHS = NO;
				CLANG_ANALYZER_NONNULL = YES;
				CLANG_ANALYZER_NUMBER_OBJECT_CONVERSION = YES_AGGRESSIVE;
				CLANG_CXX_LANGUAGE_STANDARD = "gnu++14";
				CLANG_CXX_LIBRARY = "libc++";
				CLANG_ENABLE_MODULES = YES;
				CLANG_ENABLE_OBJC_ARC = YES;
				CLANG_WARN_BLOCK_CAPTURE_AUTORELEASING = YES;
				CLANG_WARN_BOOL_CONVERSION = YES;
				CLANG_WARN_COMMA = YES;
				CLANG_WARN_CONSTANT_CONVERSION = YES;
				CLANG_WARN_DIRECT_OBJC_ISA_USAGE = YES_ERROR;
				CLANG_WARN_DOCUMENTATION_COMMENTS = YES;
				CLANG_WARN_EMPTY_BODY = YES;
				CLANG_WARN_ENUM_CONVERSION = YES;
				CLANG_WARN_INFINITE_RECURSION = YES;
				CLANG_WARN_INT_CONVERSION = YES;
				CLANG_WARN_NON_LITERAL_NULL_CONVERSION = YES;
				CLANG_WARN_OBJC_LITERAL_CONVERSION = YES;
				CLANG_WARN_OBJC_ROOT_CLASS = YES_ERROR;
				CLANG_WARN_RANGE_LOOP_ANALYSIS = YES;
				CLANG_WARN_STRICT_PROTOTYPES = YES;
				CLANG_WARN_SUSPICIOUS_MOVE = YES;
				CLANG_WARN_UNGUARDED_AVAILABILITY = YES_AGGRESSIVE;
				CLANG_WARN_UNREACHABLE_CODE = YES;
				CLANG_WARN__DUPLICATE_METHOD_MATCH = YES;
				CODE_SIGN_IDENTITY = "iPhone Developer";
				COPY_PHASE_STRIP = NO;
				DEBUG_INFORMATION_FORMAT = "dwarf-with-dsym";
				DEFINES_MODULE = YES;
				ENABLE_NS_ASSERTIONS = NO;
				ENABLE_STRICT_OBJC_MSGSEND = YES;
				GCC_C_LANGUAGE_STANDARD = gnu11;
				GCC_NO_COMMON_BLOCKS = YES;
				GCC_WARN_64_TO_32_BIT_CONVERSION = YES;
				GCC_WARN_ABOUT_RETURN_TYPE = YES_ERROR;
				GCC_WARN_UNDECLARED_SELECTOR = YES;
				GCC_WARN_UNINITIALIZED_AUTOS = YES_AGGRESSIVE;
				GCC_WARN_UNUSED_FUNCTION = YES;
				GCC_WARN_UNUSED_VARIABLE = YES;
				IPHONEOS_DEPLOYMENT_TARGET = 9.0;
				MTL_ENABLE_DEBUG_INFO = NO;
				SDKROOT = iphoneos;
				SWIFT_OPTIMIZATION_LEVEL = "-Owholemodule";
				VALIDATE_PRODUCT = YES;
			};
			name = Release;
		};
		0B4B48581FAFF2180020CDF4 /* Debug */ = {
			isa = XCBuildConfiguration;
			buildSettings = {
				ALWAYS_EMBED_SWIFT_STANDARD_LIBRARIES = YES;
				ASSETCATALOG_COMPILER_APPICON_NAME = AppIcon;
				CODE_SIGN_STYLE = Automatic;
				DEVELOPMENT_TEAM = "";
				INFOPLIST_FILE = QiitaKitForSample/Info.plist;
				IPHONEOS_DEPLOYMENT_TARGET = 9.0;
				LD_RUNPATH_SEARCH_PATHS = "$(inherited) @executable_path/Frameworks";
				PRODUCT_BUNDLE_IDENTIFIER = "jp.masashi-sutou.QiitaKitForSample";
				PRODUCT_NAME = "$(TARGET_NAME)";
				SWIFT_VERSION = 4.0;
				TARGETED_DEVICE_FAMILY = "1,2";
			};
			name = Debug;
		};
		0B4B48591FAFF2180020CDF4 /* Release */ = {
			isa = XCBuildConfiguration;
			buildSettings = {
				ALWAYS_EMBED_SWIFT_STANDARD_LIBRARIES = YES;
				ASSETCATALOG_COMPILER_APPICON_NAME = AppIcon;
				CODE_SIGN_STYLE = Automatic;
				DEVELOPMENT_TEAM = "";
				INFOPLIST_FILE = QiitaKitForSample/Info.plist;
				IPHONEOS_DEPLOYMENT_TARGET = 9.0;
				LD_RUNPATH_SEARCH_PATHS = "$(inherited) @executable_path/Frameworks";
				PRODUCT_BUNDLE_IDENTIFIER = "jp.masashi-sutou.QiitaKitForSample";
				PRODUCT_NAME = "$(TARGET_NAME)";
				SWIFT_VERSION = 4.0;
				TARGETED_DEVICE_FAMILY = "1,2";
			};
			name = Release;
		};
		0B4B48681FAFF2DC0020CDF4 /* Debug */ = {
			isa = XCBuildConfiguration;
			buildSettings = {
				CLANG_ENABLE_MODULES = YES;
				CODE_SIGN_IDENTITY = "";
				CODE_SIGN_STYLE = Manual;
				CURRENT_PROJECT_VERSION = 1;
				DEFINES_MODULE = YES;
				DEVELOPMENT_TEAM = "";
				DYLIB_COMPATIBILITY_VERSION = 1;
				DYLIB_CURRENT_VERSION = 1;
				DYLIB_INSTALL_NAME_BASE = "@rpath";
				FRAMEWORK_SEARCH_PATHS = (
					"$(inherited)",
					"$(PROJECT_DIR)/Carthage/Build/iOS",
				);
				INFOPLIST_FILE = QiitaKit/Info.plist;
				INSTALL_PATH = "$(LOCAL_LIBRARY_DIR)/Frameworks";
				IPHONEOS_DEPLOYMENT_TARGET = 9.0;
				LD_RUNPATH_SEARCH_PATHS = "$(inherited) @executable_path/Frameworks @loader_path/Frameworks";
				PRODUCT_BUNDLE_IDENTIFIER = "jp.masashi-sutou.QiitaKit";
				PRODUCT_NAME = "$(TARGET_NAME:c99extidentifier)";
				PROVISIONING_PROFILE_SPECIFIER = "";
				SKIP_INSTALL = YES;
				SWIFT_OPTIMIZATION_LEVEL = "-Onone";
				SWIFT_VERSION = 4.0;
				TARGETED_DEVICE_FAMILY = "1,2";
				VERSIONING_SYSTEM = "apple-generic";
				VERSION_INFO_PREFIX = "";
			};
			name = Debug;
		};
		0B4B48691FAFF2DC0020CDF4 /* Release */ = {
			isa = XCBuildConfiguration;
			buildSettings = {
				CLANG_ENABLE_MODULES = YES;
				CODE_SIGN_IDENTITY = "";
				CODE_SIGN_STYLE = Manual;
				CURRENT_PROJECT_VERSION = 1;
				DEFINES_MODULE = YES;
				DEVELOPMENT_TEAM = "";
				DYLIB_COMPATIBILITY_VERSION = 1;
				DYLIB_CURRENT_VERSION = 1;
				DYLIB_INSTALL_NAME_BASE = "@rpath";
				FRAMEWORK_SEARCH_PATHS = (
					"$(inherited)",
					"$(PROJECT_DIR)/Carthage/Build/iOS",
				);
				INFOPLIST_FILE = QiitaKit/Info.plist;
				INSTALL_PATH = "$(LOCAL_LIBRARY_DIR)/Frameworks";
				IPHONEOS_DEPLOYMENT_TARGET = 9.0;
				LD_RUNPATH_SEARCH_PATHS = "$(inherited) @executable_path/Frameworks @loader_path/Frameworks";
				PRODUCT_BUNDLE_IDENTIFIER = "jp.masashi-sutou.QiitaKit";
				PRODUCT_NAME = "$(TARGET_NAME:c99extidentifier)";
				PROVISIONING_PROFILE_SPECIFIER = "";
				SKIP_INSTALL = YES;
				SWIFT_VERSION = 4.0;
				TARGETED_DEVICE_FAMILY = "1,2";
				VERSIONING_SYSTEM = "apple-generic";
				VERSION_INFO_PREFIX = "";
			};
			name = Release;
		};
		0BB6B24D1FE82DE000405388 /* Debug */ = {
			isa = XCBuildConfiguration;
			buildSettings = {
				BUNDLE_LOADER = "$(TEST_HOST)";
				CODE_SIGN_STYLE = Automatic;
				DEVELOPMENT_TEAM = "";
				INFOPLIST_FILE = QiitaKitForSampleTests/Info.plist;
				IPHONEOS_DEPLOYMENT_TARGET = 11.2;
				LD_RUNPATH_SEARCH_PATHS = "$(inherited) @executable_path/Frameworks @loader_path/Frameworks";
				PRODUCT_BUNDLE_IDENTIFIER = "jp.masashi-sutou.QiitaKitForSampleTests";
				PRODUCT_NAME = "$(TARGET_NAME)";
				SWIFT_VERSION = 4.0;
				TARGETED_DEVICE_FAMILY = "1,2";
				TEST_HOST = "$(BUILT_PRODUCTS_DIR)/QiitaKitForSample.app/QiitaKitForSample";
			};
			name = Debug;
		};
		0BB6B24E1FE82DE000405388 /* Release */ = {
			isa = XCBuildConfiguration;
			buildSettings = {
				BUNDLE_LOADER = "$(TEST_HOST)";
				CODE_SIGN_STYLE = Automatic;
				DEVELOPMENT_TEAM = "";
				INFOPLIST_FILE = QiitaKitForSampleTests/Info.plist;
				IPHONEOS_DEPLOYMENT_TARGET = 11.2;
				LD_RUNPATH_SEARCH_PATHS = "$(inherited) @executable_path/Frameworks @loader_path/Frameworks";
				PRODUCT_BUNDLE_IDENTIFIER = "jp.masashi-sutou.QiitaKitForSampleTests";
				PRODUCT_NAME = "$(TARGET_NAME)";
				SWIFT_VERSION = 4.0;
				TARGETED_DEVICE_FAMILY = "1,2";
				TEST_HOST = "$(BUILT_PRODUCTS_DIR)/QiitaKitForSample.app/QiitaKitForSample";
			};
			name = Release;
		};
/* End XCBuildConfiguration section */

/* Begin XCConfigurationList section */
		0B4B48401FAFF2180020CDF4 /* Build configuration list for PBXProject "QiitaKitForSample" */ = {
			isa = XCConfigurationList;
			buildConfigurations = (
				0B4B48551FAFF2180020CDF4 /* Debug */,
				0B4B48561FAFF2180020CDF4 /* Release */,
			);
			defaultConfigurationIsVisible = 0;
			defaultConfigurationName = Release;
		};
		0B4B48571FAFF2180020CDF4 /* Build configuration list for PBXNativeTarget "QiitaKitForSample" */ = {
			isa = XCConfigurationList;
			buildConfigurations = (
				0B4B48581FAFF2180020CDF4 /* Debug */,
				0B4B48591FAFF2180020CDF4 /* Release */,
			);
			defaultConfigurationIsVisible = 0;
			defaultConfigurationName = Release;
		};
		0B4B486A1FAFF2DC0020CDF4 /* Build configuration list for PBXNativeTarget "QiitaKit" */ = {
			isa = XCConfigurationList;
			buildConfigurations = (
				0B4B48681FAFF2DC0020CDF4 /* Debug */,
				0B4B48691FAFF2DC0020CDF4 /* Release */,
			);
			defaultConfigurationIsVisible = 0;
			defaultConfigurationName = Release;
		};
		0BB6B24C1FE82DE000405388 /* Build configuration list for PBXNativeTarget "QiitaKitForSampleTests" */ = {
			isa = XCConfigurationList;
			buildConfigurations = (
				0BB6B24D1FE82DE000405388 /* Debug */,
				0BB6B24E1FE82DE000405388 /* Release */,
			);
			defaultConfigurationIsVisible = 0;
			defaultConfigurationName = Release;
		};
/* End XCConfigurationList section */
	};
	rootObject = 0B4B483D1FAFF2180020CDF4 /* Project object */;
}
